
Microsoft Visual Studio Solution File, Format Version 12.00
# Visual Studio 15
VisualStudioVersion = 15.0.26730.3
MinimumVisualStudioVersion = 10.0.40219.1
Project("{F184B08F-C81C-45F6-A57F-5ABD9991F28F}") = "H2OAlerta", "H2OAlerta\H2OAlerta.vbproj", "{8C9D00A5-54D8-4017-B57A-AD9EFD22B53C}"
EndProject
Global
	GlobalSection(SolutionConfigurationPlatforms) = preSolution
		Debug|Any CPU = Debug|Any CPU
		Release|Any CPU = Release|Any CPU
	EndGlobalSection
	GlobalSection(ProjectConfigurationPlatforms) = postSolution
		{8C9D00A5-54D8-4017-B57A-AD9EFD22B53C}.Debug|Any CPU.ActiveCfg = Debug|Any CPU
		{8C9D00A5-54D8-4017-B57A-AD9EFD22B53C}.Debug|Any CPU.Build.0 = Debug|Any CPU
		{8C9D00A5-54D8-4017-B57A-AD9EFD22B53C}.Release|Any CPU.ActiveCfg = Release|Any CPU
		{8C9D00A5-54D8-4017-B57A-AD9EFD22B53C}.Release|Any CPU.Build.0 = Release|Any CPU
	EndGlobalSection
	GlobalSection(SolutionProperties) = preSolution
		HideSolutionNode = FALSE
	EndGlobalSection
	GlobalSection(ExtensibilityGlobals) = postSolution
		SolutionGuid = {2F6B6511-F0DE-4983-A686-DD9D1F7F34DC}
	EndGlobalSection
EndGlobal
